Microsoft Visual Studio Solution File, Format Version 12.00
# Visual Studio Version 17
VisualStudioVersion = 17.5.2.0
MinimumVisualStudioVersion = 10.0.40219.1
Project("{FAE04EC0-301F-11D3-BF4B-00C04F79EFBC}") = "GnetRpcClient", "GnetRpcClient.csproj", "{20C86ECC-18AC-C20E-9031-D0CE2D41DCD3}"
EndProject
Global
	GlobalSection(SolutionConfigurationPlatforms) = preSolution
		Debug|Any CPU = Debug|Any CPU
		Release|Any CPU = Release|Any CPU
	EndGlobalSection
	GlobalSection(ProjectConfigurationPlatforms) = postSolution
		{20C86ECC-18AC-C20E-9031-D0CE2D41DCD3}.Debug|Any CPU.ActiveCfg = Debug|Any CPU
		{20C86ECC-18AC-C20E-9031-D0CE2D41DCD3}.Debug|Any CPU.Build.0 = Debug|Any CPU
		{20C86ECC-18AC-C20E-9031-D0CE2D41DCD3}.Release|Any CPU.ActiveCfg = Release|Any CPU
		{20C86ECC-18AC-C20E-9031-D0CE2D41DCD3}.Release|Any CPU.Build.0 = Release|Any CPU
	EndGlobalSection
	GlobalSection(SolutionProperties) = preSolution
		HideSolutionNode = FALSE
	EndGlobalSection
	GlobalSection(ExtensibilityGlobals) = postSolution
		SolutionGuid = {150B016C-0D33-4C88-884E-70D1B8775015}
	EndGlobalSection
EndGlobal
